{
  "version": 4,
  "terraform_version": "1.5.7",
  "serial": 4,
  "lineage": "c27252ed-c39a-4d67-52ce-79b2c2ea3deb",
  "outputs": {
    "logic_app_id": {
      "value": "/subscriptions/77b45418-7fb5-4763-bc5c-fa8dccc10889/resourceGroups/experiment32/providers/Microsoft.Logic/workflows/your-prefix-logicapp",
      "type": "string"
    },
    "logic_app_name": {
      "value": "your-prefix-logicapp",
      "type": "string"
    }
  },
  "resources": [
    {
      "mode": "managed",
      "type": "azurerm_logic_app_action_http",
      "name": "main",
      "provider": "provider[\"registry.terraform.io/hashicorp/azurerm\"]",
      "instances": [
        {
          "schema_version": 0,
          "attributes": {
            "body": null,
            "headers": null,
            "id": "/subscriptions/77b45418-7fb5-4763-bc5c-fa8dccc10889/resourceGroups/experiment32/providers/Microsoft.Logic/workflows/your-prefix-logicapp/actions/clear-stable-objects",
            "logic_app_id": "/subscriptions/77b45418-7fb5-4763-bc5c-fa8dccc10889/resourceGroups/experiment32/providers/Microsoft.Logic/workflows/your-prefix-logicapp",
            "method": "DELETE",
            "name": "clear-stable-objects",
            "queries": null,
            "run_after": [],
            "timeouts": null,
            "uri": "http://example.com/clear-stable-objects"
          },
          "sensitive_attributes": [],
          "private": "eyJlMmJmYjczMC1lY2FhLTExZTYtOGY4OC0zNDM2M2JjN2M0YzAiOnsiY3JlYXRlIjoxODAwMDAwMDAwMDAwLCJkZWxldGUiOjE4MDAwMDAwMDAwMDAsInJlYWQiOjMwMDAwMDAwMDAwMCwidXBkYXRlIjoxODAwMDAwMDAwMDAwfX0=",
          "dependencies": [
            "azurerm_logic_app_workflow.example"
          ]
        }
      ]
    },
    {
      "mode": "managed",
      "type": "azurerm_logic_app_trigger_recurrence",
      "name": "hourly",
      "provider": "provider[\"registry.terraform.io/hashicorp/azurerm\"]",
      "instances": [
        {
          "schema_version": 0,
          "attributes": {
            "frequency": "Hour",
            "id": "/subscriptions/77b45418-7fb5-4763-bc5c-fa8dccc10889/resourceGroups/experiment32/providers/Microsoft.Logic/workflows/your-prefix-logicapp/triggers/run-every-hour",
            "interval": 1,
            "logic_app_id": "/subscriptions/77b45418-7fb5-4763-bc5c-fa8dccc10889/resourceGroups/experiment32/providers/Microsoft.Logic/workflows/your-prefix-logicapp",
            "name": "run-every-hour",
            "schedule": [],
            "start_time": null,
            "time_zone": null,
            "timeouts": null
          },
          "sensitive_attributes": [],
          "private": "eyJlMmJmYjczMC1lY2FhLTExZTYtOGY4OC0zNDM2M2JjN2M0YzAiOnsiY3JlYXRlIjoxODAwMDAwMDAwMDAwLCJkZWxldGUiOjE4MDAwMDAwMDAwMDAsInJlYWQiOjMwMDAwMDAwMDAwMCwidXBkYXRlIjoxODAwMDAwMDAwMDAwfX0=",
          "dependencies": [
            "azurerm_logic_app_workflow.example"
          ]
        }
      ]
    },
    {
      "mode": "managed",
      "type": "azurerm_logic_app_workflow",
      "name": "example",
      "provider": "provider[\"registry.terraform.io/hashicorp/azurerm\"]",
      "instances": [
        {
          "schema_version": 0,
          "attributes": {
            "access_control": [],
            "access_endpoint": "https://prod-45.eastus.logic.azure.com:443/workflows/89c489b3c10c423ba9b9d8abc7e0c1e4",
            "connector_endpoint_ip_addresses": [],
            "connector_outbound_ip_addresses": [
              "40.71.249.139",
              "40.71.249.205",
              "40.114.40.132",
              "40.71.11.80/28",
              "40.71.15.160/27",
              "52.188.157.160",
              "20.88.153.176/28",
              "20.88.153.192/27",
              "52.151.221.184",
              "52.151.221.119"
            ],
            "enabled": true,
            "id": "/subscriptions/77b45418-7fb5-4763-bc5c-fa8dccc10889/resourceGroups/experiment32/providers/Microsoft.Logic/workflows/your-prefix-logicapp",
            "identity": [],
            "integration_service_environment_id": "",
            "location": "eastus",
            "logic_app_integration_account_id": "",
            "name": "your-prefix-logicapp",
            "parameters": null,
            "resource_group_name": "experiment32",
            "tags": null,
            "timeouts": null,
            "workflow_endpoint_ip_addresses": [
              "137.135.106.54",
              "40.117.99.79",
              "40.117.100.228",
              "137.116.126.165",
              "52.226.216.209",
              "40.76.151.124",
              "20.84.29.150",
              "40.76.174.148"
            ],
            "workflow_outbound_ip_addresses": [
              "13.92.98.111",
              "40.121.91.41",
              "40.114.82.191",
              "23.101.139.153",
              "23.100.29.190",
              "23.101.136.201",
              "104.45.153.81",
              "23.101.132.208",
              "52.226.216.197",
              "52.226.216.187",
              "40.76.151.25",
              "40.76.148.50",
              "20.84.29.29",
              "20.84.29.18",
              "40.76.174.83",
              "40.76.174.39"
            ],
            "workflow_parameters": null,
            "workflow_schema": "https://schema.management.azure.com/providers/Microsoft.Logic/schemas/2016-06-01/workflowdefinition.json#",
            "workflow_version": "1.0.0.0"
          },
          "sensitive_attributes": [],
          "private": "eyJlMmJmYjczMC1lY2FhLTExZTYtOGY4OC0zNDM2M2JjN2M0YzAiOnsiY3JlYXRlIjoxODAwMDAwMDAwMDAwLCJkZWxldGUiOjE4MDAwMDAwMDAwMDAsInJlYWQiOjMwMDAwMDAwMDAwMCwidXBkYXRlIjoxODAwMDAwMDAwMDAwfX0="
        }
      ]
    }
  ],
  "check_results": null
}
